
Microsoft Visual Studio Solution File, Format Version 12.00
# Visual Studio Version 17
VisualStudioVersion = 17.5.33627.172
MinimumVisualStudioVersion = 10.0.40219.1
Project("{FAE04EC0-301F-11D3-BF4B-00C04F79EFBC}") = "Points", "Points\Points.csproj", "{5BBC170A-9DFE-4269-8642-6594BAE0AADF}"
EndProject
Global
	GlobalSection(SolutionConfigurationPlatforms) = preSolution
		Debug|Any CPU = Debug|Any CPU
		Release|Any CPU = Release|Any CPU
	EndGlobalSection
	GlobalSection(ProjectConfigurationPlatforms) = postSolution
		{5BBC170A-9DFE-4269-8642-6594BAE0AADF}.Debug|Any CPU.ActiveCfg = Debug|Any CPU
		{5BBC170A-9DFE-4269-8642-6594BAE0AADF}.Debug|Any CPU.Build.0 = Debug|Any CPU
		{5BBC170A-9DFE-4269-8642-6594BAE0AADF}.Release|Any CPU.ActiveCfg = Release|Any CPU
		{5BBC170A-9DFE-4269-8642-6594BAE0AADF}.Release|Any CPU.Build.0 = Release|Any CPU
	EndGlobalSection
	GlobalSection(SolutionProperties) = preSolution
		HideSolutionNode = FALSE
	EndGlobalSection
	GlobalSection(ExtensibilityGlobals) = postSolution
		SolutionGuid = {1E378BB3-A48D-4DCD-B34D-6F663B58434C}
	EndGlobalSection
EndGlobal
